
Microsoft Visual Studio Solution File, Format Version 12.00
# Visual Studio 15
VisualStudioVersion = 15.0.27004.2006
MinimumVisualStudioVersion = 10.0.40219.1
Project("{9A19103F-16F7-4668-BE54-9A1E7A4F7556}") = "Barber", "Barber\Barber.csproj", "{7A5EA227-5E0C-4295-BD30-CBA62FF309F1}"
EndProject
Project("{9A19103F-16F7-4668-BE54-9A1E7A4F7556}") = "Barber.Data.Entities", "Barber.Data.Entities\Barber.Data.Entities.csproj", "{D6C23D52-D5ED-4F44-9D40-FE4E99A96E0C}"
EndProject
Project("{9A19103F-16F7-4668-BE54-9A1E7A4F7556}") = "Barber.Data.Abstraction", "Barber.Data.Abstraction\Barber.Data.Abstraction.csproj", "{3EE1DFF6-A31E-4AEC-8C07-FB8E7D8B039B}"
EndProject
Project("{9A19103F-16F7-4668-BE54-9A1E7A4F7556}") = "Barber.Data.Sqlite", "Barber.Data.Sqlite\Barber.Data.Sqlite.csproj", "{5C745B70-501E-456C-B2DB-5C0EE5A34E62}"
EndProject
Project("{9A19103F-16F7-4668-BE54-9A1E7A4F7556}") = "Barber.Shared", "Barber.Shared\Barber.Shared.csproj", "{1B4908E1-9E0C-40AC-BCE4-E67BE1114E06}"
EndProject
Global
	GlobalSection(SolutionConfigurationPlatforms) = preSolution
		Debug|Any CPU = Debug|Any CPU
		Release|Any CPU = Release|Any CPU
	EndGlobalSection
	GlobalSection(ProjectConfigurationPlatforms) = postSolution
		{7A5EA227-5E0C-4295-BD30-CBA62FF309F1}.Debug|Any CPU.ActiveCfg = Debug|Any CPU
		{7A5EA227-5E0C-4295-BD30-CBA62FF309F1}.Debug|Any CPU.Build.0 = Debug|Any CPU
		{7A5EA227-5E0C-4295-BD30-CBA62FF309F1}.Release|Any CPU.ActiveCfg = Release|Any CPU
		{7A5EA227-5E0C-4295-BD30-CBA62FF309F1}.Release|Any CPU.Build.0 = Release|Any CPU
		{D6C23D52-D5ED-4F44-9D40-FE4E99A96E0C}.Debug|Any CPU.ActiveCfg = Debug|Any CPU
		{D6C23D52-D5ED-4F44-9D40-FE4E99A96E0C}.Debug|Any CPU.Build.0 = Debug|Any CPU
		{D6C23D52-D5ED-4F44-9D40-FE4E99A96E0C}.Release|Any CPU.ActiveCfg = Release|Any CPU
		{D6C23D52-D5ED-4F44-9D40-FE4E99A96E0C}.Release|Any CPU.Build.0 = Release|Any CPU
		{3EE1DFF6-A31E-4AEC-8C07-FB8E7D8B039B}.Debug|Any CPU.ActiveCfg = Debug|Any CPU
		{3EE1DFF6-A31E-4AEC-8C07-FB8E7D8B039B}.Debug|Any CPU.Build.0 = Debug|Any CPU
		{3EE1DFF6-A31E-4AEC-8C07-FB8E7D8B039B}.Release|Any CPU.ActiveCfg = Release|Any CPU
		{3EE1DFF6-A31E-4AEC-8C07-FB8E7D8B039B}.Release|Any CPU.Build.0 = Release|Any CPU
		{5C745B70-501E-456C-B2DB-5C0EE5A34E62}.Debug|Any CPU.ActiveCfg = Debug|Any CPU
		{5C745B70-501E-456C-B2DB-5C0EE5A34E62}.Debug|Any CPU.Build.0 = Debug|Any CPU
		{5C745B70-501E-456C-B2DB-5C0EE5A34E62}.Release|Any CPU.ActiveCfg = Release|Any CPU
		{5C745B70-501E-456C-B2DB-5C0EE5A34E62}.Release|Any CPU.Build.0 = Release|Any CPU
		{1B4908E1-9E0C-40AC-BCE4-E67BE1114E06}.Debug|Any CPU.ActiveCfg = Debug|Any CPU
		{1B4908E1-9E0C-40AC-BCE4-E67BE1114E06}.Debug|Any CPU.Build.0 = Debug|Any CPU
		{1B4908E1-9E0C-40AC-BCE4-E67BE1114E06}.Release|Any CPU.ActiveCfg = Release|Any CPU
		{1B4908E1-9E0C-40AC-BCE4-E67BE1114E06}.Release|Any CPU.Build.0 = Release|Any CPU
	EndGlobalSection
	GlobalSection(SolutionProperties) = preSolution
		HideSolutionNode = FALSE
	EndGlobalSection
	GlobalSection(ExtensibilityGlobals) = postSolution
		SolutionGuid = {873774EC-2994-4F86-B032-976B5847DB3D}
	EndGlobalSection
EndGlobal
